
Microsoft Visual Studio Solution File, Format Version 12.00
# Visual Studio Version 16
VisualStudioVersion = 16.0.31911.196
MinimumVisualStudioVersion = 10.0.40219.1
Project("{FAE04EC0-301F-11D3-BF4B-00C04F79EFBC}") = "NIXMachula4", "NIXMachula4\NIXMachula4.csproj", "{78717E95-7905-430C-95FD-B1D6D4E56EC1}"
EndProject
Global
	GlobalSection(SolutionConfigurationPlatforms) = preSolution
		Debug|Any CPU = Debug|Any CPU
		Release|Any CPU = Release|Any CPU
	EndGlobalSection
	GlobalSection(ProjectConfigurationPlatforms) = postSolution
		{78717E95-7905-430C-95FD-B1D6D4E56EC1}.Debug|Any CPU.ActiveCfg = Debug|Any CPU
		{78717E95-7905-430C-95FD-B1D6D4E56EC1}.Debug|Any CPU.Build.0 = Debug|Any CPU
		{78717E95-7905-430C-95FD-B1D6D4E56EC1}.Release|Any CPU.ActiveCfg = Release|Any CPU
		{78717E95-7905-430C-95FD-B1D6D4E56EC1}.Release|Any CPU.Build.0 = Release|Any CPU
	EndGlobalSection
	GlobalSection(SolutionProperties) = preSolution
		HideSolutionNode = FALSE
	EndGlobalSection
	GlobalSection(ExtensibilityGlobals) = postSolution
		SolutionGuid = {2C56CEA5-8DBA-45BC-801D-07810D8D7C09}
	EndGlobalSection
EndGlobal
